
Microsoft Visual Studio Solution File, Format Version 12.00
# Visual Studio 15
Project("{FAE04EC0-301F-11D3-BF4B-00C04F79EFBC}") = "Go.Mac", "Go.Mac\Go.Mac.csproj", "{A7773DF1-9C2C-4133-971C-D5181C689D01}"
EndProject
Project("{FAE04EC0-301F-11D3-BF4B-00C04F79EFBC}") = "Go.Editor", "Go.Editor\Go.Editor.csproj", "{F0F1F6AF-D813-4A00-B879-64341457CA31}"
EndProject
Project("{FAE04EC0-301F-11D3-BF4B-00C04F79EFBC}") = "Go.Interop", "Go.Interop\Go.Interop.csproj", "{87C23259-D422-4DB1-A5D8-75317E2810FF}"
EndProject
Global
	GlobalSection(SolutionConfigurationPlatforms) = preSolution
		Debug|Any CPU = Debug|Any CPU
		Release|Any CPU = Release|Any CPU
	EndGlobalSection
	GlobalSection(ProjectConfigurationPlatforms) = postSolution
		{A7773DF1-9C2C-4133-971C-D5181C689D01}.Debug|Any CPU.ActiveCfg = Debug|Any CPU
		{A7773DF1-9C2C-4133-971C-D5181C689D01}.Debug|Any CPU.Build.0 = Debug|Any CPU
		{A7773DF1-9C2C-4133-971C-D5181C689D01}.Release|Any CPU.ActiveCfg = Release|Any CPU
		{A7773DF1-9C2C-4133-971C-D5181C689D01}.Release|Any CPU.Build.0 = Release|Any CPU
		{F0F1F6AF-D813-4A00-B879-64341457CA31}.Debug|Any CPU.ActiveCfg = Debug|Any CPU
		{F0F1F6AF-D813-4A00-B879-64341457CA31}.Debug|Any CPU.Build.0 = Debug|Any CPU
		{F0F1F6AF-D813-4A00-B879-64341457CA31}.Release|Any CPU.ActiveCfg = Release|Any CPU
		{F0F1F6AF-D813-4A00-B879-64341457CA31}.Release|Any CPU.Build.0 = Release|Any CPU
		{87C23259-D422-4DB1-A5D8-75317E2810FF}.Debug|Any CPU.ActiveCfg = Debug|Any CPU
		{87C23259-D422-4DB1-A5D8-75317E2810FF}.Debug|Any CPU.Build.0 = Debug|Any CPU
		{87C23259-D422-4DB1-A5D8-75317E2810FF}.Release|Any CPU.ActiveCfg = Release|Any CPU
		{87C23259-D422-4DB1-A5D8-75317E2810FF}.Release|Any CPU.Build.0 = Release|Any CPU
	EndGlobalSection
EndGlobal
