
Microsoft Visual Studio Solution File, Format Version 12.00
# Visual Studio Version 16
VisualStudioVersion = 16.0.28922.388
MinimumVisualStudioVersion = 10.0.40219.1
Project("{9A19103F-16F7-4668-BE54-9A1E7A4F7556}") = "Go.VSWindows", "Go.Windows\Go.VSWindows.csproj", "{58DC8632-DC53-4509-B741-ACC4D0FD75CF}"
EndProject
Global
	GlobalSection(SolutionConfigurationPlatforms) = preSolution
		Debug|Any CPU = Debug|Any CPU
		Release|Any CPU = Release|Any CPU
	EndGlobalSection
	GlobalSection(ProjectConfigurationPlatforms) = postSolution
		{58DC8632-DC53-4509-B741-ACC4D0FD75CF}.Debug|Any CPU.ActiveCfg = Debug|Any CPU
		{58DC8632-DC53-4509-B741-ACC4D0FD75CF}.Debug|Any CPU.Build.0 = Debug|Any CPU
		{58DC8632-DC53-4509-B741-ACC4D0FD75CF}.Release|Any CPU.ActiveCfg = Release|Any CPU
		{58DC8632-DC53-4509-B741-ACC4D0FD75CF}.Release|Any CPU.Build.0 = Release|Any CPU
	EndGlobalSection
	GlobalSection(SolutionProperties) = preSolution
		HideSolutionNode = FALSE
	EndGlobalSection
	GlobalSection(ExtensibilityGlobals) = postSolution
		SolutionGuid = {3E824CC2-EBF5-4F74-9968-A71F4A5A002C}
	EndGlobalSection
EndGlobal
